
Microsoft Visual Studio Solution File, Format Version 12.00
# Visual Studio Version 17
VisualStudioVersion = 17.9.34701.34
MinimumVisualStudioVersion = 10.0.40219.1
Project("{2150E333-8FDC-42A3-9474-1A3956D46DE8}") = "src", "src", "{7B029756-A209-49DC-A887-237AFAF4C629}"
EndProject
Project("{2150E333-8FDC-42A3-9474-1A3956D46DE8}") = "0 - Api", "0 - Api", "{AE94433F-315B-4AE3-B225-9BF65FCC3FBD}"
EndProject
Project("{2150E333-8FDC-42A3-9474-1A3956D46DE8}") = "1 - Core", "1 - Core", "{2D2A0596-B4ED-47AB-A3EA-E80989A392DE}"
EndProject
Project("{2150E333-8FDC-42A3-9474-1A3956D46DE8}") = "2 - Data", "2 - Data", "{F19EBAA3-47A5-473E-9E5D-3164265082DF}"
EndProject
Project("{2150E333-8FDC-42A3-9474-1A3956D46DE8}") = "3 - Cross", "3 - Cross", "{F26478B5-5280-47ED-AB72-444E020033C5}"
EndProject
Project("{9A19103F-16F7-4668-BE54-9A1E7A4F7556}") = "Login.Api", "src\Login.Api\Login.Api.csproj", "{14C8A35A-3B03-4C67-8358-8875966C0B3C}"
	ProjectSection(ProjectDependencies) = postProject
		{A2A26677-670C-4135-9ED6-D48E420280F7} = {A2A26677-670C-4135-9ED6-D48E420280F7}
	EndProjectSection
EndProject
Project("{9A19103F-16F7-4668-BE54-9A1E7A4F7556}") = "Login.Core", "src\Login.Core\Login.Core.csproj", "{A2A26677-670C-4135-9ED6-D48E420280F7}"
EndProject
Project("{9A19103F-16F7-4668-BE54-9A1E7A4F7556}") = "Login.Data", "src\Login.Data\Login.Data.csproj", "{5B812140-1854-410E-A5E4-9163239A6092}"
EndProject
Project("{9A19103F-16F7-4668-BE54-9A1E7A4F7556}") = "Login.Cross", "src\Login.Cross\Login.Cross.csproj", "{28EBBD3F-47CC-47B2-9136-606EF786E252}"
EndProject
Project("{9A19103F-16F7-4668-BE54-9A1E7A4F7556}") = "LoginFront", "LoginFront\LoginFront.csproj", "{5D6A2AE6-2B12-4A18-A9D3-DFDFBDC47002}"
EndProject
Global
	GlobalSection(SolutionConfigurationPlatforms) = preSolution
		Debug|Any CPU = Debug|Any CPU
		Release|Any CPU = Release|Any CPU
	EndGlobalSection
	GlobalSection(ProjectConfigurationPlatforms) = postSolution
		{14C8A35A-3B03-4C67-8358-8875966C0B3C}.Debug|Any CPU.ActiveCfg = Debug|Any CPU
		{14C8A35A-3B03-4C67-8358-8875966C0B3C}.Debug|Any CPU.Build.0 = Debug|Any CPU
		{14C8A35A-3B03-4C67-8358-8875966C0B3C}.Release|Any CPU.ActiveCfg = Release|Any CPU
		{14C8A35A-3B03-4C67-8358-8875966C0B3C}.Release|Any CPU.Build.0 = Release|Any CPU
		{A2A26677-670C-4135-9ED6-D48E420280F7}.Debug|Any CPU.ActiveCfg = Debug|Any CPU
		{A2A26677-670C-4135-9ED6-D48E420280F7}.Debug|Any CPU.Build.0 = Debug|Any CPU
		{A2A26677-670C-4135-9ED6-D48E420280F7}.Release|Any CPU.ActiveCfg = Release|Any CPU
		{A2A26677-670C-4135-9ED6-D48E420280F7}.Release|Any CPU.Build.0 = Release|Any CPU
		{5B812140-1854-410E-A5E4-9163239A6092}.Debug|Any CPU.ActiveCfg = Debug|Any CPU
		{5B812140-1854-410E-A5E4-9163239A6092}.Debug|Any CPU.Build.0 = Debug|Any CPU
		{5B812140-1854-410E-A5E4-9163239A6092}.Release|Any CPU.ActiveCfg = Release|Any CPU
		{5B812140-1854-410E-A5E4-9163239A6092}.Release|Any CPU.Build.0 = Release|Any CPU
		{28EBBD3F-47CC-47B2-9136-606EF786E252}.Debug|Any CPU.ActiveCfg = Debug|Any CPU
		{28EBBD3F-47CC-47B2-9136-606EF786E252}.Debug|Any CPU.Build.0 = Debug|Any CPU
		{28EBBD3F-47CC-47B2-9136-606EF786E252}.Release|Any CPU.ActiveCfg = Release|Any CPU
		{28EBBD3F-47CC-47B2-9136-606EF786E252}.Release|Any CPU.Build.0 = Release|Any CPU
		{5D6A2AE6-2B12-4A18-A9D3-DFDFBDC47002}.Debug|Any CPU.ActiveCfg = Debug|Any CPU
		{5D6A2AE6-2B12-4A18-A9D3-DFDFBDC47002}.Debug|Any CPU.Build.0 = Debug|Any CPU
		{5D6A2AE6-2B12-4A18-A9D3-DFDFBDC47002}.Release|Any CPU.ActiveCfg = Release|Any CPU
		{5D6A2AE6-2B12-4A18-A9D3-DFDFBDC47002}.Release|Any CPU.Build.0 = Release|Any CPU
	EndGlobalSection
	GlobalSection(SolutionProperties) = preSolution
		HideSolutionNode = FALSE
	EndGlobalSection
	GlobalSection(NestedProjects) = preSolution
		{AE94433F-315B-4AE3-B225-9BF65FCC3FBD} = {7B029756-A209-49DC-A887-237AFAF4C629}
		{2D2A0596-B4ED-47AB-A3EA-E80989A392DE} = {7B029756-A209-49DC-A887-237AFAF4C629}
		{F19EBAA3-47A5-473E-9E5D-3164265082DF} = {7B029756-A209-49DC-A887-237AFAF4C629}
		{F26478B5-5280-47ED-AB72-444E020033C5} = {7B029756-A209-49DC-A887-237AFAF4C629}
		{14C8A35A-3B03-4C67-8358-8875966C0B3C} = {AE94433F-315B-4AE3-B225-9BF65FCC3FBD}
		{A2A26677-670C-4135-9ED6-D48E420280F7} = {2D2A0596-B4ED-47AB-A3EA-E80989A392DE}
		{5B812140-1854-410E-A5E4-9163239A6092} = {F19EBAA3-47A5-473E-9E5D-3164265082DF}
		{28EBBD3F-47CC-47B2-9136-606EF786E252} = {F26478B5-5280-47ED-AB72-444E020033C5}
	EndGlobalSection
	GlobalSection(ExtensibilityGlobals) = postSolution
		SolutionGuid = {45929051-BC52-465B-97EF-0050CE052887}
	EndGlobalSection
EndGlobal
